
Microsoft Visual Studio Solution File, Format Version 12.00
# Visual Studio Version 17
VisualStudioVersion = 17.11.35312.102
MinimumVisualStudioVersion = 10.0.40219.1
Project("{FAE04EC0-301F-11D3-BF4B-00C04F79EFBC}") = "todolistProject", "todolistProject\todolistProject.csproj", "{23B46490-D830-4D33-AA1F-53D98637135F}"
EndProject
Global
	GlobalSection(SolutionConfigurationPlatforms) = preSolution
		Debug|Any CPU = Debug|Any CPU
		Release|Any CPU = Release|Any CPU
	EndGlobalSection
	GlobalSection(ProjectConfigurationPlatforms) = postSolution
		{23B46490-D830-4D33-AA1F-53D98637135F}.Debug|Any CPU.ActiveCfg = Debug|Any CPU
		{23B46490-D830-4D33-AA1F-53D98637135F}.Debug|Any CPU.Build.0 = Debug|Any CPU
		{23B46490-D830-4D33-AA1F-53D98637135F}.Release|Any CPU.ActiveCfg = Release|Any CPU
		{23B46490-D830-4D33-AA1F-53D98637135F}.Release|Any CPU.Build.0 = Release|Any CPU
	EndGlobalSection
	GlobalSection(SolutionProperties) = preSolution
		HideSolutionNode = FALSE
	EndGlobalSection
	GlobalSection(ExtensibilityGlobals) = postSolution
		SolutionGuid = {EB693BF1-E224-44E9-AE3B-E2559024058C}
	EndGlobalSection
EndGlobal
